{
  "version": 4,
  "terraform_version": "1.10.2",
  "serial": 229,
  "lineage": "93be8b39-2728-948c-5dc7-40bc513ee266",
  "outputs": {
    "cluster_endpoint": {
      "value": "https://70F294CF1760A3B0099B1B44307659A4.yl4.eu-west-1.eks.amazonaws.com",
      "type": "string"
    },
    "cluster_id": {
      "value": "infra-cluster",
      "type": "string"
    },
    "cluster_name": {
      "value": "infra-cluster",
      "type": "string"
    },
    "cluster_security_group_id": {
      "value": "sg-06bef327ac669a44f",
      "type": "string"
    },
    "kubectl_config": {
      "value": "apiVersion: v1\nclusters:\n- cluster:\n    server: https://70F294CF1760A3B0099B1B44307659A4.yl4.eu-west-1.eks.amazonaws.com\n    certificate-authority-data: LS0tLS1CRUdJTiBDRVJUSUZJQ0FURS0tLS0tCk1JSURCVENDQWUyZ0F3SUJBZ0lJWXNhRVJOc1dSTFF3RFFZSktvWklodmNOQVFFTEJRQXdGVEVUTUJFR0ExVUUKQXhNS2EzVmlaWEp1WlhSbGN6QWVGdzB5TlRBME1qa3dPREl4TlRaYUZ3MHpOVEEwTWpjd09ESTJOVFphTUJVeApFekFSQmdOVkJBTVRDbXQxWW1WeWJtVjBaWE13Z2dFaU1BMEdDU3FHU0liM0RRRUJBUVVBQTRJQkR3QXdnZ0VLCkFvSUJBUURiVkdKWTd6eDZoZTd2RS9PeURaeWNHb3UwSW15UVlNSVAvZWdqRFIwQmxNeDBZdUEvaVc1aWF4U0IKWVhManFhREozTnk4NEpUaGVMNmpNU3RkMi8rZXNDK296WjFLRjVlRVl4KzIzd3ZiY3BRUzlUL2EyMTRqZWtLVAplQUhEejl4ak1CVDRnUlUyK085UlNDbXdGLzhESElXb3ovNjZrNXFIVWRnU1hGeW1QNVhBUUVabFIwTmZnckVOCkU3L2dlakg4UkRNUG9sRTV4TkNmSHp5eXQ3YkliblFTTWNWNkhINHpZME5US3lNZkhxTEFUaERPNTJKbFIwUlgKYnVubml5TmViQndkdkRwRHpLL0Q4QTZ3VW01RlNMd1RYQ2FJZyt3R2x6a2xhalExcWhXb3AzT2l3bDBYdi9TSgptalh1SDZUdTlKczd1YU51Z05za2JTUGdPcjBQQWdNQkFBR2pXVEJYTUE0R0ExVWREd0VCL3dRRUF3SUNwREFQCkJnTlZIUk1CQWY4RUJUQURBUUgvTUIwR0ExVWREZ1FXQkJTQUpERWVjbXNkOTRORW5XQW8wanlDV2lOT29UQVYKQmdOVkhSRUVEakFNZ2dwcmRXSmxjbTVsZEdWek1BMEdDU3FHU0liM0RRRUJDd1VBQTRJQkFRQlV1ZUVGZDJ5cgovS0psay8xWENTa3ZXOXM3QmRJRzB4d3hpM0ZuLzl3Zk5FTWVGdTZTL3hYOWZkMTlXTXhEL3VFT0xtMzFJVkRZCkdOS0FuSmgzYWttS2ZsbG14ekkyU01nL1pWdE5rdisyZUQyelA3N1ZWUllNUUI3OC9HMXBLSDE2azJxWTBHeHQKbE9wcUJ4SVUxeVRJOEM3emF2QmNCSmxwNGRjY1JLZ0lvNUZQNlBMR3BSUHBhSkxIYUc1SGlDbUpjVC9DM3JhdgpoY2lYUUNYRGI1cmpKYnZwcnBpYXh5d3luUnRrNGdRN2hHV05zTERHYU0zYzRQMmhNVkNCdy9VczZWNUFkRnYyCmQ4WUtSbGJZVmdKWFMxTU9UUnFxdUhIL3ZJYTFUQTZmVWFRbmhyWEdjeDR2VWpRTis1c3dZS1hIeEZFaWEwMkgKTE0vWHc1V0RVT3c0Ci0tLS0tRU5EIENFUlRJRklDQVRFLS0tLS0K\n  name: kubernetes\ncontexts:\n- context:\n    cluster: kubernetes\n    user: aws\n  name: aws\ncurrent-context: aws\nkind: Config\npreferences: {}\nusers:\n- name: aws\n  user:\n    exec:\n      apiVersion: client.authentication.k8s.io/v1beta1\n      command: aws\n      args:\n        - \"eks\"\n        - \"get-token\"\n        - \"--cluster-name\"\n        - \"infra-cluster\"\n",
      "type": "string",
      "sensitive": true
    },
    "oidc_provider_arn": {
      "value": "arn:aws:iam::395364994606:oidc-provider/oidc.eks.eu-west-1.amazonaws.com/id/70F294CF1760A3B0099B1B44307659A4",
      "type": "string"
    },
    "oidc_provider_url": {
      "value": "oidc.eks.eu-west-1.amazonaws.com/id/70F294CF1760A3B0099B1B44307659A4",
      "type": "string"
    },
    "private_subnet_ids": {
      "value": [
        "subnet-0bbedf6c09a33510d",
        "subnet-0b0f044c704035b83"
      ],
      "type": [
        "tuple",
        [
          "string",
          "string"
        ]
      ]
    },
    "public_subnet_ids": {
      "value": [
        "subnet-00e7e732c9b48a84f",
        "subnet-00efaa0cda7a100e2"
      ],
      "type": [
        "tuple",
        [
          "string",
          "string"
        ]
      ]
    },
    "vpc_id": {
      "value": "vpc-00b5670738a73ee00",
      "type": "string"
    }
  },
  "resources": [
    {
      "module": "module.eks_cluster",
      "mode": "data",
      "type": "aws_caller_identity",
      "name": "this",
      "provider": "provider[\"registry.terraform.io/hashicorp/aws\"]",
      "instances": [
        {
          "schema_version": 0,
          "attributes": {
            "account_id": "395364994606",
            "arn": "arn:aws:iam::395364994606:root",
            "id": "395364994606",
            "user_id": "395364994606"
          },
          "sensitive_attributes": []
        }
      ]
    },
    {
      "module": "module.eks_cluster",
      "mode": "data",
      "type": "aws_eks_cluster",
      "name": "infra-cluster",
      "provider": "provider[\"registry.terraform.io/hashicorp/aws\"]",
      "instances": [
        {
          "schema_version": 0,
          "attributes": {
            "access_config": [
              {
                "authentication_mode": "CONFIG_MAP",
                "bootstrap_cluster_creator_admin_permissions": true
              }
            ],
            "arn": "arn:aws:eks:eu-west-1:395364994606:cluster/infra-cluster",
            "certificate_authority": [
              {
                "data": "LS0tLS1CRUdJTiBDRVJUSUZJQ0FURS0tLS0tCk1JSURCVENDQWUyZ0F3SUJBZ0lJWXNhRVJOc1dSTFF3RFFZSktvWklodmNOQVFFTEJRQXdGVEVUTUJFR0ExVUUKQXhNS2EzVmlaWEp1WlhSbGN6QWVGdzB5TlRBME1qa3dPREl4TlRaYUZ3MHpOVEEwTWpjd09ESTJOVFphTUJVeApFekFSQmdOVkJBTVRDbXQxWW1WeWJtVjBaWE13Z2dFaU1BMEdDU3FHU0liM0RRRUJBUVVBQTRJQkR3QXdnZ0VLCkFvSUJBUURiVkdKWTd6eDZoZTd2RS9PeURaeWNHb3UwSW15UVlNSVAvZWdqRFIwQmxNeDBZdUEvaVc1aWF4U0IKWVhManFhREozTnk4NEpUaGVMNmpNU3RkMi8rZXNDK296WjFLRjVlRVl4KzIzd3ZiY3BRUzlUL2EyMTRqZWtLVAplQUhEejl4ak1CVDRnUlUyK085UlNDbXdGLzhESElXb3ovNjZrNXFIVWRnU1hGeW1QNVhBUUVabFIwTmZnckVOCkU3L2dlakg4UkRNUG9sRTV4TkNmSHp5eXQ3YkliblFTTWNWNkhINHpZME5US3lNZkhxTEFUaERPNTJKbFIwUlgKYnVubml5TmViQndkdkRwRHpLL0Q4QTZ3VW01RlNMd1RYQ2FJZyt3R2x6a2xhalExcWhXb3AzT2l3bDBYdi9TSgptalh1SDZUdTlKczd1YU51Z05za2JTUGdPcjBQQWdNQkFBR2pXVEJYTUE0R0ExVWREd0VCL3dRRUF3SUNwREFQCkJnTlZIUk1CQWY4RUJUQURBUUgvTUIwR0ExVWREZ1FXQkJTQUpERWVjbXNkOTRORW5XQW8wanlDV2lOT29UQVYKQmdOVkhSRUVEakFNZ2dwcmRXSmxjbTVsZEdWek1BMEdDU3FHU0liM0RRRUJDd1VBQTRJQkFRQlV1ZUVGZDJ5cgovS0psay8xWENTa3ZXOXM3QmRJRzB4d3hpM0ZuLzl3Zk5FTWVGdTZTL3hYOWZkMTlXTXhEL3VFT0xtMzFJVkRZCkdOS0FuSmgzYWttS2ZsbG14ekkyU01nL1pWdE5rdisyZUQyelA3N1ZWUllNUUI3OC9HMXBLSDE2azJxWTBHeHQKbE9wcUJ4SVUxeVRJOEM3emF2QmNCSmxwNGRjY1JLZ0lvNUZQNlBMR3BSUHBhSkxIYUc1SGlDbUpjVC9DM3JhdgpoY2lYUUNYRGI1cmpKYnZwcnBpYXh5d3luUnRrNGdRN2hHV05zTERHYU0zYzRQMmhNVkNCdy9VczZWNUFkRnYyCmQ4WUtSbGJZVmdKWFMxTU9UUnFxdUhIL3ZJYTFUQTZmVWFRbmhyWEdjeDR2VWpRTis1c3dZS1hIeEZFaWEwMkgKTE0vWHc1V0RVT3c0Ci0tLS0tRU5EIENFUlRJRklDQVRFLS0tLS0K"
              }
            ],
            "cluster_id": null,
            "compute_config": [],
            "created_at": "2025-04-29T08:22:46Z",
            "enabled_cluster_log_types": [
              "api",
              "audit",
              "authenticator",
              "controllerManager",
              "scheduler"
            ],
            "endpoint": "https://70F294CF1760A3B0099B1B44307659A4.yl4.eu-west-1.eks.amazonaws.com",
            "id": "infra-cluster",
            "identity": [
              {
                "oidc": [
                  {
                    "issuer": "https://oidc.eks.eu-west-1.amazonaws.com/id/70F294CF1760A3B0099B1B44307659A4"
                  }
                ]
              }
            ],
            "kubernetes_network_config": [
              {
                "elastic_load_balancing": [
                  {
                    "enabled": false
                  }
                ],
                "ip_family": "ipv4",
                "service_ipv4_cidr": "172.20.0.0/16",
                "service_ipv6_cidr": ""
              }
            ],
            "name": "infra-cluster",
            "outpost_config": [],
            "platform_version": "eks.9",
            "remote_network_config": [],
            "role_arn": "arn:aws:iam::395364994606:role/infra-cluster",
            "status": "ACTIVE",
            "storage_config": [],
            "tags": {},
            "upgrade_policy": [
              {
                "support_type": "EXTENDED"
              }
            ],
            "version": "1.32",
            "vpc_config": [
              {
                "cluster_security_group_id": "sg-06bef327ac669a44f",
                "endpoint_private_access": true,
                "endpoint_public_access": true,
                "public_access_cidrs": [
                  "0.0.0.0/0"
                ],
                "security_group_ids": [],
                "subnet_ids": [
                  "subnet-00e7e732c9b48a84f",
                  "subnet-00efaa0cda7a100e2",
                  "subnet-0b0f044c704035b83",
                  "subnet-0bbedf6c09a33510d"
                ],
                "vpc_id": "vpc-00b5670738a73ee00"
              }
            ],
            "zonal_shift_config": []
          },
          "sensitive_attributes": []
        }
      ]
    },
    {
      "module": "module.eks_cluster",
      "mode": "data",
      "type": "aws_eks_cluster_auth",
      "name": "infra-cluster",
      "provider": "provider[\"registry.terraform.io/hashicorp/aws\"]",
      "instances": [
        {
          "schema_version": 0,
          "attributes": {
            "id": "infra-cluster",
            "name": "infra-cluster",
            "token": "k8s-aws-v1.aHR0cHM6Ly9zdHMuZXUtd2VzdC0xLmFtYXpvbmF3cy5jb20vP0FjdGlvbj1HZXRDYWxsZXJJZGVudGl0eSZWZXJzaW9uPTIwMTEtMDYtMTUmWC1BbXotQWxnb3JpdGhtPUFXUzQtSE1BQy1TSEEyNTYmWC1BbXotQ3JlZGVudGlhbD1BS0lBVllETVhCWVhGTjNLU0haUCUyRjIwMjUwNDI5JTJGZXUtd2VzdC0xJTJGc3RzJTJGYXdzNF9yZXF1ZXN0JlgtQW16LURhdGU9MjAyNTA0MjlUMDgzMDUwWiZYLUFtei1FeHBpcmVzPTAmWC1BbXotU2lnbmVkSGVhZGVycz1ob3N0JTNCeC1rOHMtYXdzLWlkJlgtQW16LVNpZ25hdHVyZT1hMWNjNzliNTE0ZDlmMmJlNzVmNzdkYmMxNDNiNjQ4MTQ5MDA4NmI1ZjcwNGQ4YzFjNzk0NWMxODUyYjc5MDI4"
          },
          "sensitive_attributes": [
            [
              {
                "type": "get_attr",
                "value": "token"
              }
            ]
          ]
        }
      ]
    },
    {
      "module": "module.eks_cluster",
      "mode": "managed",
      "type": "aws_eip",
      "name": "nat",
      "provider": "provider[\"registry.terraform.io/hashicorp/aws\"]",
      "instances": [
        {
          "index_key": 0,
          "schema_version": 0,
          "attributes": {
            "address": null,
            "allocation_id": "eipalloc-0c5aef4f0f9ba7feb",
            "arn": "arn:aws:ec2:eu-west-1:395364994606:elastic-ip/eipalloc-0c5aef4f0f9ba7feb",
            "associate_with_private_ip": null,
            "association_id": "",
            "carrier_ip": "",
            "customer_owned_ip": "",
            "customer_owned_ipv4_pool": "",
            "domain": "vpc",
            "id": "eipalloc-0c5aef4f0f9ba7feb",
            "instance": "",
            "ipam_pool_id": null,
            "network_border_group": "eu-west-1",
            "network_interface": "",
            "private_dns": null,
            "private_ip": "",
            "ptr_record": "",
            "public_dns": "ec2-63-33-159-135.eu-west-1.compute.amazonaws.com",
            "public_ip": "63.33.159.135",
            "public_ipv4_pool": "amazon",
            "tags": {
              "Name": "infra-nat-eip-eu-west-1a",
              "cost_center": "hosting",
              "owner": "devops",
              "product:devops": "true",
              "product:shared": "false"
            },
            "tags_all": {
              "Name": "infra-nat-eip-eu-west-1a",
              "cost_center": "hosting",
              "owner": "devops",
              "product:devops": "true",
              "product:shared": "false"
            },
            "timeouts": null,
            "vpc": true
          },
          "sensitive_attributes": [],
          "private": "eyJlMmJmYjczMC1lY2FhLTExZTYtOGY4OC0zNDM2M2JjN2M0YzAiOnsiZGVsZXRlIjoxODAwMDAwMDAwMDAsInJlYWQiOjkwMDAwMDAwMDAwMCwidXBkYXRlIjozMDAwMDAwMDAwMDB9fQ=="
        }
      ]
    },
    {
      "module": "module.eks_cluster",
      "mode": "managed",
      "type": "aws_eks_cluster",
      "name": "infra-cluster",
      "provider": "provider[\"registry.terraform.io/hashicorp/aws\"]",
      "instances": [
        {
          "schema_version": 1,
          "attributes": {
            "access_config": [
              {
                "authentication_mode": "CONFIG_MAP",
                "bootstrap_cluster_creator_admin_permissions": true
              }
            ],
            "arn": "arn:aws:eks:eu-west-1:395364994606:cluster/infra-cluster",
            "bootstrap_self_managed_addons": true,
            "certificate_authority": [
              {
                "data": "LS0tLS1CRUdJTiBDRVJUSUZJQ0FURS0tLS0tCk1JSURCVENDQWUyZ0F3SUJBZ0lJWXNhRVJOc1dSTFF3RFFZSktvWklodmNOQVFFTEJRQXdGVEVUTUJFR0ExVUUKQXhNS2EzVmlaWEp1WlhSbGN6QWVGdzB5TlRBME1qa3dPREl4TlRaYUZ3MHpOVEEwTWpjd09ESTJOVFphTUJVeApFekFSQmdOVkJBTVRDbXQxWW1WeWJtVjBaWE13Z2dFaU1BMEdDU3FHU0liM0RRRUJBUVVBQTRJQkR3QXdnZ0VLCkFvSUJBUURiVkdKWTd6eDZoZTd2RS9PeURaeWNHb3UwSW15UVlNSVAvZWdqRFIwQmxNeDBZdUEvaVc1aWF4U0IKWVhManFhREozTnk4NEpUaGVMNmpNU3RkMi8rZXNDK296WjFLRjVlRVl4KzIzd3ZiY3BRUzlUL2EyMTRqZWtLVAplQUhEejl4ak1CVDRnUlUyK085UlNDbXdGLzhESElXb3ovNjZrNXFIVWRnU1hGeW1QNVhBUUVabFIwTmZnckVOCkU3L2dlakg4UkRNUG9sRTV4TkNmSHp5eXQ3YkliblFTTWNWNkhINHpZME5US3lNZkhxTEFUaERPNTJKbFIwUlgKYnVubml5TmViQndkdkRwRHpLL0Q4QTZ3VW01RlNMd1RYQ2FJZyt3R2x6a2xhalExcWhXb3AzT2l3bDBYdi9TSgptalh1SDZUdTlKczd1YU51Z05za2JTUGdPcjBQQWdNQkFBR2pXVEJYTUE0R0ExVWREd0VCL3dRRUF3SUNwREFQCkJnTlZIUk1CQWY4RUJUQURBUUgvTUIwR0ExVWREZ1FXQkJTQUpERWVjbXNkOTRORW5XQW8wanlDV2lOT29UQVYKQmdOVkhSRUVEakFNZ2dwcmRXSmxjbTVsZEdWek1BMEdDU3FHU0liM0RRRUJDd1VBQTRJQkFRQlV1ZUVGZDJ5cgovS0psay8xWENTa3ZXOXM3QmRJRzB4d3hpM0ZuLzl3Zk5FTWVGdTZTL3hYOWZkMTlXTXhEL3VFT0xtMzFJVkRZCkdOS0FuSmgzYWttS2ZsbG14ekkyU01nL1pWdE5rdisyZUQyelA3N1ZWUllNUUI3OC9HMXBLSDE2azJxWTBHeHQKbE9wcUJ4SVUxeVRJOEM3emF2QmNCSmxwNGRjY1JLZ0lvNUZQNlBMR3BSUHBhSkxIYUc1SGlDbUpjVC9DM3JhdgpoY2lYUUNYRGI1cmpKYnZwcnBpYXh5d3luUnRrNGdRN2hHV05zTERHYU0zYzRQMmhNVkNCdy9VczZWNUFkRnYyCmQ4WUtSbGJZVmdKWFMxTU9UUnFxdUhIL3ZJYTFUQTZmVWFRbmhyWEdjeDR2VWpRTis1c3dZS1hIeEZFaWEwMkgKTE0vWHc1V0RVT3c0Ci0tLS0tRU5EIENFUlRJRklDQVRFLS0tLS0K"
              }
            ],
            "cluster_id": null,
            "compute_config": [],
            "created_at": "2025-04-29T08:22:46Z",
            "enabled_cluster_log_types": [
              "api",
              "audit",
              "authenticator",
              "controllerManager",
              "scheduler"
            ],
            "encryption_config": [
              {
                "provider": [
                  {
                    "key_arn": "arn:aws:kms:eu-west-1:395364994606:key/a6d7b0f1-0c88-4b99-8328-439227d38b3a"
                  }
                ],
                "resources": [
                  "secrets"
                ]
              }
            ],
            "endpoint": "https://70F294CF1760A3B0099B1B44307659A4.yl4.eu-west-1.eks.amazonaws.com",
            "force_update_version": null,
            "id": "infra-cluster",
            "identity": [
              {
                "oidc": [
                  {
                    "issuer": "https://oidc.eks.eu-west-1.amazonaws.com/id/70F294CF1760A3B0099B1B44307659A4"
                  }
                ]
              }
            ],
            "kubernetes_network_config": [
              {
                "elastic_load_balancing": [
                  {
                    "enabled": false
                  }
                ],
                "ip_family": "ipv4",
                "service_ipv4_cidr": "172.20.0.0/16",
                "service_ipv6_cidr": ""
              }
            ],
            "name": "infra-cluster",
            "outpost_config": [],
            "platform_version": "eks.9",
            "remote_network_config": [],
            "role_arn": "arn:aws:iam::395364994606:role/infra-cluster",
            "status": "ACTIVE",
            "storage_config": [],
            "tags": null,
            "tags_all": {},
            "timeouts": null,
            "upgrade_policy": [
              {
                "support_type": "EXTENDED"
              }
            ],
            "version": "1.32",
            "vpc_config": [
              {
                "cluster_security_group_id": "sg-06bef327ac669a44f",
                "endpoint_private_access": true,
                "endpoint_public_access": true,
                "public_access_cidrs": [
                  "0.0.0.0/0"
                ],
                "security_group_ids": null,
                "subnet_ids": [
                  "subnet-00e7e732c9b48a84f",
                  "subnet-00efaa0cda7a100e2",
                  "subnet-0b0f044c704035b83",
                  "subnet-0bbedf6c09a33510d"
                ],
                "vpc_id": "vpc-00b5670738a73ee00"
              }
            ],
            "zonal_shift_config": []
          },
          "sensitive_attributes": [],
          "private": "eyJlMmJmYjczMC1lY2FhLTExZTYtOGY4OC0zNDM2M2JjN2M0YzAiOnsiY3JlYXRlIjoxODAwMDAwMDAwMDAwLCJkZWxldGUiOjkwMDAwMDAwMDAwMCwidXBkYXRlIjozNjAwMDAwMDAwMDAwfSwic2NoZW1hX3ZlcnNpb24iOiIxIn0=",
          "dependencies": [
            "module.eks_cluster.aws_iam_role.infra-cluster",
            "module.eks_cluster.aws_iam_role_policy_attachment.infra-cluster-AmazonEKSClusterPolicy",
            "module.eks_cluster.aws_kms_key.eks_key",
            "module.eks_cluster.aws_subnet.private",
            "module.eks_cluster.aws_subnet.public",
            "module.eks_cluster.aws_vpc.main"
          ]
        }
      ]
    },
    {
      "module": "module.eks_cluster",
      "mode": "managed",
      "type": "aws_eks_node_group",
      "name": "private-nodes",
      "provider": "provider[\"registry.terraform.io/hashicorp/aws\"]",
      "instances": [
        {
          "schema_version": 0,
          "attributes": {
            "ami_type": "AL2023_x86_64_STANDARD",
            "arn": "arn:aws:eks:eu-west-1:395364994606:nodegroup/infra-cluster/private-nodes/54cb4055-ca4e-d9b8-9ef9-f928ff2e4f4f",
            "capacity_type": "ON_DEMAND",
            "cluster_name": "infra-cluster",
            "disk_size": 0,
            "force_update_version": null,
            "id": "infra-cluster:private-nodes",
            "instance_types": [
              "t3.medium"
            ],
            "labels": {
              "node": "kubenode"
            },
            "launch_template": [
              {
                "id": "lt-0f3dca63733a9ca3c",
                "name": "eks_with_kms",
                "version": "1"
              }
            ],
            "node_group_name": "private-nodes",
            "node_group_name_prefix": "",
            "node_repair_config": [],
            "node_role_arn": "arn:aws:iam::395364994606:role/eks-node-group-nodes",
            "release_version": "1.32.1-20250419",
            "remote_access": [],
            "resources": [
              {
                "autoscaling_groups": [
                  {
                    "name": "eks-private-nodes-54cb4055-ca4e-d9b8-9ef9-f928ff2e4f4f"
                  }
                ],
                "remote_access_security_group_id": ""
              }
            ],
            "scaling_config": [
              {
                "desired_size": 2,
                "max_size": 3,
                "min_size": 1
              }
            ],
            "status": "ACTIVE",
            "subnet_ids": [
              "subnet-00e7e732c9b48a84f",
              "subnet-00efaa0cda7a100e2",
              "subnet-0b0f044c704035b83",
              "subnet-0bbedf6c09a33510d"
            ],
            "tags": {
              "cost_center": "hosting",
              "owner": "devops",
              "product:devops": "true",
              "product:shared": "false"
            },
            "tags_all": {
              "cost_center": "hosting",
              "owner": "devops",
              "product:devops": "true",
              "product:shared": "false"
            },
            "taint": [],
            "timeouts": null,
            "update_config": [
              {
                "max_unavailable": 1,
                "max_unavailable_percentage": 0
              }
            ],
            "version": "1.32"
          },
          "sensitive_attributes": [],
          "private": "eyJlMmJmYjczMC1lY2FhLTExZTYtOGY4OC0zNDM2M2JjN2M0YzAiOnsiY3JlYXRlIjozNjAwMDAwMDAwMDAwLCJkZWxldGUiOjM2MDAwMDAwMDAwMDAsInVwZGF0ZSI6MzYwMDAwMDAwMDAwMH19",
          "dependencies": [
            "module.eks_cluster.aws_eks_cluster.infra-cluster",
            "module.eks_cluster.aws_iam_policy.node_kms_policy",
            "module.eks_cluster.aws_iam_role.infra-cluster",
            "module.eks_cluster.aws_iam_role.nodes",
            "module.eks_cluster.aws_iam_role_policy_attachment.infra-cluster-AmazonEKSClusterPolicy",
            "module.eks_cluster.aws_iam_role_policy_attachment.nodes-AmazonEC2ContainerRegistryReadOnly",
            "module.eks_cluster.aws_iam_role_policy_attachment.nodes-AmazonEKSWorkerNodePolicy",
            "module.eks_cluster.aws_iam_role_policy_attachment.nodes-AmazonEKS_CNI_Policy",
            "module.eks_cluster.aws_iam_role_policy_attachment.nodes-kms-policy",
            "module.eks_cluster.aws_kms_key.eks_key",
            "module.eks_cluster.aws_launch_template.eks_with_kms",
            "module.eks_cluster.aws_subnet.private",
            "module.eks_cluster.aws_subnet.public",
            "module.eks_cluster.aws_vpc.main",
            "module.eks_cluster.data.aws_caller_identity.this"
          ]
        }
      ]
    },
    {
      "module": "module.eks_cluster",
      "mode": "managed",
      "type": "aws_iam_instance_profile",
      "name": "node_instance_profile",
      "provider": "provider[\"registry.terraform.io/hashicorp/aws\"]",
      "instances": [
        {
          "schema_version": 0,
          "attributes": {
            "arn": "arn:aws:iam::395364994606:instance-profile/infra-cluster-node-instance-profile",
            "create_date": "2025-04-29T08:22:22Z",
            "id": "infra-cluster-node-instance-profile",
            "name": "infra-cluster-node-instance-profile",
            "name_prefix": "",
            "path": "/",
            "role": "eks-node-group-nodes",
            "tags": null,
            "tags_all": {},
            "unique_id": "AIPAVYDMXBYXPM6SDRSW2"
          },
          "sensitive_attributes": [],
          "private": "bnVsbA==",
          "dependencies": [
            "module.eks_cluster.aws_iam_role.nodes",
            "module.eks_cluster.data.aws_caller_identity.this"
          ]
        }
      ]
    },
    {
      "module": "module.eks_cluster",
      "mode": "managed",
      "type": "aws_iam_openid_connect_provider",
      "name": "eks_oidc",
      "provider": "provider[\"registry.terraform.io/hashicorp/aws\"]",
      "instances": [
        {
          "schema_version": 0,
          "attributes": {
            "arn": "arn:aws:iam::395364994606:oidc-provider/oidc.eks.eu-west-1.amazonaws.com/id/70F294CF1760A3B0099B1B44307659A4",
            "client_id_list": [
              "sts.amazonaws.com"
            ],
            "id": "arn:aws:iam::395364994606:oidc-provider/oidc.eks.eu-west-1.amazonaws.com/id/70F294CF1760A3B0099B1B44307659A4",
            "tags": {
              "Name": "infra-cluster-eks-oidc-provider",
              "cost_center": "hosting",
              "owner": "devops",
              "product:devops": "true",
              "product:shared": "false"
            },
            "tags_all": {
              "Name": "infra-cluster-eks-oidc-provider",
              "cost_center": "hosting",
              "owner": "devops",
              "product:devops": "true",
              "product:shared": "false"
            },
            "thumbprint_list": [
              "9e99a48a9960b14926bb7f3b02e22da2b0ab7280"
            ],
            "url": "oidc.eks.eu-west-1.amazonaws.com/id/70F294CF1760A3B0099B1B44307659A4"
          },
          "sensitive_attributes": [],
          "private": "bnVsbA==",
          "dependencies": [
            "module.eks_cluster.aws_eks_cluster.infra-cluster",
            "module.eks_cluster.aws_iam_role.infra-cluster",
            "module.eks_cluster.aws_iam_role_policy_attachment.infra-cluster-AmazonEKSClusterPolicy",
            "module.eks_cluster.aws_kms_key.eks_key",
            "module.eks_cluster.aws_subnet.private",
            "module.eks_cluster.aws_subnet.public",
            "module.eks_cluster.aws_vpc.main"
          ]
        }
      ]
    },
    {
      "module": "module.eks_cluster",
      "mode": "managed",
      "type": "aws_iam_policy",
      "name": "aws_lb_controller_policy",
      "provider": "provider[\"registry.terraform.io/hashicorp/aws\"]",
      "instances": [
        {
          "schema_version": 0,
          "attributes": {
            "arn": "arn:aws:iam::395364994606:policy/AWSLoadBalancerControllerIAMPolicy",
            "attachment_count": 0,
            "description": "IAM Policy for AWS Load Balancer Controller",
            "id": "arn:aws:iam::395364994606:policy/AWSLoadBalancerControllerIAMPolicy",
            "name": "AWSLoadBalancerControllerIAMPolicy",
            "name_prefix": "",
            "path": "/",
            "policy": "{\"Statement\":[{\"Action\":[\"iam:CreateServiceLinkedRole\"],\"Condition\":{\"StringEquals\":{\"iam:AWSServiceName\":\"elasticloadbalancing.amazonaws.com\"}},\"Effect\":\"Allow\",\"Resource\":\"*\"},{\"Action\":[\"ec2:DescribeAccountAttributes\",\"ec2:DescribeAddresses\",\"ec2:DescribeAvailabilityZones\",\"ec2:DescribeInternetGateways\",\"ec2:DescribeVpcs\",\"ec2:DescribeVpcPeeringConnections\",\"ec2:DescribeSubnets\",\"ec2:DescribeSecurityGroups\",\"ec2:DescribeInstances\",\"ec2:DescribeNetworkInterfaces\",\"ec2:DescribeTags\",\"ec2:GetCoipPoolUsage\",\"ec2:DescribeCoipPools\",\"ec2:GetSecurityGroupsForVpc\",\"elasticloadbalancing:DescribeLoadBalancers\",\"elasticloadbalancing:DescribeLoadBalancerAttributes\",\"elasticloadbalancing:DescribeListeners\",\"elasticloadbalancing:DescribeListenerCertificates\",\"elasticloadbalancing:DescribeSSLPolicies\",\"elasticloadbalancing:DescribeRules\",\"elasticloadbalancing:DescribeTargetGroups\",\"elasticloadbalancing:DescribeTargetGroupAttributes\",\"elasticloadbalancing:DescribeTargetHealth\",\"elasticloadbalancing:DescribeTags\",\"elasticloadbalancing:DescribeTrustStores\",\"elasticloadbalancing:DescribeListenerAttributes\",\"elasticloadbalancing:DescribeCapacityReservation\"],\"Effect\":\"Allow\",\"Resource\":\"*\"},{\"Action\":[\"cognito-idp:DescribeUserPoolClient\",\"acm:ListCertificates\",\"acm:DescribeCertificate\",\"iam:ListServerCertificates\",\"iam:GetServerCertificate\",\"waf-regional:GetWebACL\",\"waf-regional:GetWebACLForResource\",\"waf-regional:AssociateWebACL\",\"waf-regional:DisassociateWebACL\",\"wafv2:GetWebACL\",\"wafv2:GetWebACLForResource\",\"wafv2:AssociateWebACL\",\"wafv2:DisassociateWebACL\",\"shield:GetSubscriptionState\",\"shield:DescribeProtection\",\"shield:CreateProtection\",\"shield:DeleteProtection\"],\"Effect\":\"Allow\",\"Resource\":\"*\"},{\"Action\":[\"ec2:AuthorizeSecurityGroupIngress\",\"ec2:RevokeSecurityGroupIngress\"],\"Effect\":\"Allow\",\"Resource\":\"*\"},{\"Action\":[\"ec2:CreateSecurityGroup\"],\"Effect\":\"Allow\",\"Resource\":\"*\"},{\"Action\":[\"ec2:CreateTags\"],\"Condition\":{\"Null\":{\"aws:RequestTag/elbv2.k8s.aws/cluster\":\"false\"},\"StringEquals\":{\"ec2:CreateAction\":\"CreateSecurityGroup\"}},\"Effect\":\"Allow\",\"Resource\":\"arn:aws:ec2:*:*:security-group/*\"},{\"Action\":[\"ec2:CreateTags\",\"ec2:DeleteTags\"],\"Condition\":{\"Null\":{\"aws:RequestTag/elbv2.k8s.aws/cluster\":\"true\",\"aws:ResourceTag/elbv2.k8s.aws/cluster\":\"false\"}},\"Effect\":\"Allow\",\"Resource\":\"arn:aws:ec2:*:*:security-group/*\"},{\"Action\":[\"ec2:AuthorizeSecurityGroupIngress\",\"ec2:RevokeSecurityGroupIngress\",\"ec2:DeleteSecurityGroup\"],\"Condition\":{\"Null\":{\"aws:ResourceTag/elbv2.k8s.aws/cluster\":\"false\"}},\"Effect\":\"Allow\",\"Resource\":\"*\"},{\"Action\":[\"elasticloadbalancing:CreateLoadBalancer\",\"elasticloadbalancing:CreateTargetGroup\"],\"Condition\":{\"Null\":{\"aws:RequestTag/elbv2.k8s.aws/cluster\":\"false\"}},\"Effect\":\"Allow\",\"Resource\":\"*\"},{\"Action\":[\"elasticloadbalancing:CreateListener\",\"elasticloadbalancing:DeleteListener\",\"elasticloadbalancing:CreateRule\",\"elasticloadbalancing:DeleteRule\"],\"Effect\":\"Allow\",\"Resource\":\"*\"},{\"Action\":[\"elasticloadbalancing:AddTags\",\"elasticloadbalancing:RemoveTags\"],\"Condition\":{\"Null\":{\"aws:RequestTag/elbv2.k8s.aws/cluster\":\"true\",\"aws:ResourceTag/elbv2.k8s.aws/cluster\":\"false\"}},\"Effect\":\"Allow\",\"Resource\":[\"arn:aws:elasticloadbalancing:*:*:targetgroup/*/*\",\"arn:aws:elasticloadbalancing:*:*:loadbalancer/net/*/*\",\"arn:aws:elasticloadbalancing:*:*:loadbalancer/app/*/*\"]},{\"Action\":[\"elasticloadbalancing:AddTags\",\"elasticloadbalancing:RemoveTags\"],\"Effect\":\"Allow\",\"Resource\":[\"arn:aws:elasticloadbalancing:*:*:listener/net/*/*/*\",\"arn:aws:elasticloadbalancing:*:*:listener/app/*/*/*\",\"arn:aws:elasticloadbalancing:*:*:listener-rule/net/*/*/*\",\"arn:aws:elasticloadbalancing:*:*:listener-rule/app/*/*/*\"]},{\"Action\":[\"elasticloadbalancing:ModifyLoadBalancerAttributes\",\"elasticloadbalancing:SetIpAddressType\",\"elasticloadbalancing:SetSecurityGroups\",\"elasticloadbalancing:SetSubnets\",\"elasticloadbalancing:DeleteLoadBalancer\",\"elasticloadbalancing:ModifyTargetGroup\",\"elasticloadbalancing:ModifyTargetGroupAttributes\",\"elasticloadbalancing:DeleteTargetGroup\",\"elasticloadbalancing:ModifyListenerAttributes\",\"elasticloadbalancing:ModifyCapacityReservation\"],\"Condition\":{\"Null\":{\"aws:ResourceTag/elbv2.k8s.aws/cluster\":\"false\"}},\"Effect\":\"Allow\",\"Resource\":\"*\"},{\"Action\":[\"elasticloadbalancing:AddTags\"],\"Condition\":{\"Null\":{\"aws:RequestTag/elbv2.k8s.aws/cluster\":\"false\"},\"StringEquals\":{\"elasticloadbalancing:CreateAction\":[\"CreateTargetGroup\",\"CreateLoadBalancer\"]}},\"Effect\":\"Allow\",\"Resource\":[\"arn:aws:elasticloadbalancing:*:*:targetgroup/*/*\",\"arn:aws:elasticloadbalancing:*:*:loadbalancer/net/*/*\",\"arn:aws:elasticloadbalancing:*:*:loadbalancer/app/*/*\"]},{\"Action\":[\"elasticloadbalancing:RegisterTargets\",\"elasticloadbalancing:DeregisterTargets\"],\"Effect\":\"Allow\",\"Resource\":\"arn:aws:elasticloadbalancing:*:*:targetgroup/*/*\"},{\"Action\":[\"elasticloadbalancing:SetWebAcl\",\"elasticloadbalancing:ModifyListener\",\"elasticloadbalancing:AddListenerCertificates\",\"elasticloadbalancing:RemoveListenerCertificates\",\"elasticloadbalancing:ModifyRule\"],\"Effect\":\"Allow\",\"Resource\":\"*\"}],\"Version\":\"2012-10-17\"}",
            "policy_id": "ANPAVYDMXBYXATLF6INMF",
            "tags": null,
            "tags_all": {}
          },
          "sensitive_attributes": [],
          "private": "bnVsbA=="
        }
      ]
    },
    {
      "module": "module.eks_cluster",
      "mode": "managed",
      "type": "aws_iam_policy",
      "name": "node_kms_policy",
      "provider": "provider[\"registry.terraform.io/hashicorp/aws\"]",
      "instances": [
        {
          "schema_version": 0,
          "attributes": {
            "arn": "arn:aws:iam::395364994606:policy/EKSNodeKMSPolicy",
            "attachment_count": 0,
            "description": "Policy that grants KMS permissions to EKS nodes",
            "id": "arn:aws:iam::395364994606:policy/EKSNodeKMSPolicy",
            "name": "EKSNodeKMSPolicy",
            "name_prefix": "",
            "path": "/",
            "policy": "{\"Statement\":[{\"Action\":[\"kms:CreateGrant\",\"kms:Decrypt\",\"kms:DescribeKey\",\"kms:GenerateDataKey*\",\"kms:ReEncrypt*\"],\"Effect\":\"Allow\",\"Resource\":\"arn:aws:kms:eu-west-1:395364994606:key/a6d7b0f1-0c88-4b99-8328-439227d38b3a\"}],\"Version\":\"2012-10-17\"}",
            "policy_id": "ANPAVYDMXBYXKXJGBBS2R",
            "tags": null,
            "tags_all": {}
          },
          "sensitive_attributes": [],
          "private": "bnVsbA==",
          "dependencies": [
            "module.eks_cluster.aws_kms_key.eks_key"
          ]
        }
      ]
    },
    {
      "module": "module.eks_cluster",
      "mode": "managed",
      "type": "aws_iam_role",
      "name": "aws_lb_controller_role",
      "provider": "provider[\"registry.terraform.io/hashicorp/aws\"]",
      "instances": [
        {
          "schema_version": 0,
          "attributes": {
            "arn": "arn:aws:iam::395364994606:role/AWSLoadBalancerControllerRole",
            "assume_role_policy": "{\"Statement\":[{\"Action\":\"sts:AssumeRoleWithWebIdentity\",\"Condition\":{\"StringEquals\":{\"oidc.eks.eu-west-1.amazonaws.com/id/70F294CF1760A3B0099B1B44307659A4:sub\":\"system:serviceaccount:kube-system:aws-load-balancer-controller\"}},\"Effect\":\"Allow\",\"Principal\":{\"Federated\":\"arn:aws:iam::395364994606:oidc-provider/oidc.eks.eu-west-1.amazonaws.com/id/70F294CF1760A3B0099B1B44307659A4\"}}],\"Version\":\"2012-10-17\"}",
            "create_date": "2025-04-29T08:30:51Z",
            "description": "",
            "force_detach_policies": false,
            "id": "AWSLoadBalancerControllerRole",
            "inline_policy": [],
            "managed_policy_arns": [],
            "max_session_duration": 3600,
            "name": "AWSLoadBalancerControllerRole",
            "name_prefix": "",
            "path": "/",
            "permissions_boundary": "",
            "tags": null,
            "tags_all": {},
            "unique_id": "AROAVYDMXBYXKF4NIEMPD"
          },
          "sensitive_attributes": [],
          "private": "bnVsbA==",
          "dependencies": [
            "module.eks_cluster.aws_eks_cluster.infra-cluster",
            "module.eks_cluster.aws_iam_openid_connect_provider.eks_oidc",
            "module.eks_cluster.aws_iam_role.infra-cluster",
            "module.eks_cluster.aws_iam_role_policy_attachment.infra-cluster-AmazonEKSClusterPolicy",
            "module.eks_cluster.aws_kms_key.eks_key",
            "module.eks_cluster.aws_subnet.private",
            "module.eks_cluster.aws_subnet.public",
            "module.eks_cluster.aws_vpc.main"
          ]
        }
      ]
    },
    {
      "module": "module.eks_cluster",
      "mode": "managed",
      "type": "aws_iam_role",
      "name": "infra-cluster",
      "provider": "provider[\"registry.terraform.io/hashicorp/aws\"]",
      "instances": [
        {
          "schema_version": 0,
          "attributes": {
            "arn": "arn:aws:iam::395364994606:role/infra-cluster",
            "assume_role_policy": "{\"Statement\":[{\"Action\":\"sts:AssumeRole\",\"Effect\":\"Allow\",\"Principal\":{\"Service\":[\"eks.amazonaws.com\"]}}],\"Version\":\"2012-10-17\"}",
            "create_date": "2025-04-29T08:22:21Z",
            "description": "",
            "force_detach_policies": false,
            "id": "infra-cluster",
            "inline_policy": [],
            "managed_policy_arns": [],
            "max_session_duration": 3600,
            "name": "infra-cluster",
            "name_prefix": "",
            "path": "/",
            "permissions_boundary": "",
            "tags": {
              "tag-key": "infra-cluster"
            },
            "tags_all": {
              "tag-key": "infra-cluster"
            },
            "unique_id": "AROAVYDMXBYXHAZGVWGLQ"
          },
          "sensitive_attributes": [],
          "private": "bnVsbA=="
        }
      ]
    },
    {
      "module": "module.eks_cluster",
      "mode": "managed",
      "type": "aws_iam_role",
      "name": "nodes",
      "provider": "provider[\"registry.terraform.io/hashicorp/aws\"]",
      "instances": [
        {
          "schema_version": 0,
          "attributes": {
            "arn": "arn:aws:iam::395364994606:role/eks-node-group-nodes",
            "assume_role_policy": "{\"Statement\":[{\"Action\":\"sts:AssumeRole\",\"Effect\":\"Allow\",\"Principal\":{\"Service\":\"ec2.amazonaws.com\"}}],\"Version\":\"2012-10-17\"}",
            "create_date": "2025-04-29T08:22:21Z",
            "description": "",
            "force_detach_policies": false,
            "id": "eks-node-group-nodes",
            "inline_policy": [
              {
                "name": "dev_ecr_pull",
                "policy": "{\"Version\":\"2012-10-17\",\"Statement\":[{\"Action\":[\"ecr:BatchCheckLayerAvailability\",\"ecr:GetDownloadUrlForLayer\",\"ecr:GetRepositoryPolicy\",\"ecr:DescribeRepositories\",\"ecr:ListImages\",\"ecr:DescribeImages\",\"ecr:BatchGetImage\",\"ecr:GetLifecyclePolicy\",\"ecr:GetLifecyclePolicyPreview\",\"ecr:ListTagsForResource\",\"ecr:GetAuthorizationToken\",\"ecr:DescribeImageScanFindings\"],\"Effect\":\"Allow\",\"Resource\":[\"arn:aws:ecr:eu-west-1:395364994606:repository/dev/*\",\"arn:aws:ecr:eu-west-1:602401143452.dkr.ecr.eu-west-1.amazonaws.com:repository/*\"]},{\"Action\":\"ecr:GetAuthorizationToken\",\"Effect\":\"Allow\",\"Resource\":\"*\"}]}"
              }
            ],
            "managed_policy_arns": [],
            "max_session_duration": 3600,
            "name": "eks-node-group-nodes",
            "name_prefix": "",
            "path": "/",
            "permissions_boundary": "",
            "tags": null,
            "tags_all": {},
            "unique_id": "AROAVYDMXBYXFRKEU6DKZ"
          },
          "sensitive_attributes": [],
          "private": "bnVsbA==",
          "dependencies": [
            "module.eks_cluster.data.aws_caller_identity.this"
          ]
        }
      ]
    },
    {
      "module": "module.eks_cluster",
      "mode": "managed",
      "type": "aws_iam_role_policy_attachment",
      "name": "infra-cluster-AmazonEKSClusterPolicy",
      "provider": "provider[\"registry.terraform.io/hashicorp/aws\"]",
      "instances": [
        {
          "schema_version": 0,
          "attributes": {
            "id": "infra-cluster-20250429082221826900000002",
            "policy_arn": "arn:aws:iam::aws:policy/AmazonEKSClusterPolicy",
            "role": "infra-cluster"
          },
          "sensitive_attributes": [],
          "private": "bnVsbA==",
          "dependencies": [
            "module.eks_cluster.aws_iam_role.infra-cluster"
          ]
        }
      ]
    },
    {
      "module": "module.eks_cluster",
      "mode": "managed",
      "type": "aws_iam_role_policy_attachment",
      "name": "lb_controller_policy_attachment",
      "provider": "provider[\"registry.terraform.io/hashicorp/aws\"]",
      "instances": [
        {
          "schema_version": 0,
          "attributes": {
            "id": "AWSLoadBalancerControllerRole-2025042908305212910000000c",
            "policy_arn": "arn:aws:iam::395364994606:policy/AWSLoadBalancerControllerIAMPolicy",
            "role": "AWSLoadBalancerControllerRole"
          },
          "sensitive_attributes": [],
          "private": "bnVsbA==",
          "dependencies": [
            "module.eks_cluster.aws_eks_cluster.infra-cluster",
            "module.eks_cluster.aws_iam_openid_connect_provider.eks_oidc",
            "module.eks_cluster.aws_iam_policy.aws_lb_controller_policy",
            "module.eks_cluster.aws_iam_role.aws_lb_controller_role",
            "module.eks_cluster.aws_iam_role.infra-cluster",
            "module.eks_cluster.aws_iam_role_policy_attachment.infra-cluster-AmazonEKSClusterPolicy",
            "module.eks_cluster.aws_kms_key.eks_key",
            "module.eks_cluster.aws_subnet.private",
            "module.eks_cluster.aws_subnet.public",
            "module.eks_cluster.aws_vpc.main"
          ]
        }
      ]
    },
    {
      "module": "module.eks_cluster",
      "mode": "managed",
      "type": "aws_iam_role_policy_attachment",
      "name": "nodes-AmazonEC2ContainerRegistryReadOnly",
      "provider": "provider[\"registry.terraform.io/hashicorp/aws\"]",
      "instances": [
        {
          "schema_version": 0,
          "attributes": {
            "id": "eks-node-group-nodes-20250429082222222700000004",
            "policy_arn": "arn:aws:iam::aws:policy/AmazonEC2ContainerRegistryReadOnly",
            "role": "eks-node-group-nodes"
          },
          "sensitive_attributes": [],
          "private": "bnVsbA==",
          "dependencies": [
            "module.eks_cluster.aws_iam_role.nodes",
            "module.eks_cluster.data.aws_caller_identity.this"
          ]
        }
      ]
    },
    {
      "module": "module.eks_cluster",
      "mode": "managed",
      "type": "aws_iam_role_policy_attachment",
      "name": "nodes-AmazonEKSWorkerNodePolicy",
      "provider": "provider[\"registry.terraform.io/hashicorp/aws\"]",
      "instances": [
        {
          "schema_version": 0,
          "attributes": {
            "id": "eks-node-group-nodes-20250429082222258800000005",
            "policy_arn": "arn:aws:iam::aws:policy/AmazonEKSWorkerNodePolicy",
            "role": "eks-node-group-nodes"
          },
          "sensitive_attributes": [],
          "private": "bnVsbA==",
          "dependencies": [
            "module.eks_cluster.aws_iam_role.nodes",
            "module.eks_cluster.data.aws_caller_identity.this"
          ]
        }
      ]
    },
    {
      "module": "module.eks_cluster",
      "mode": "managed",
      "type": "aws_iam_role_policy_attachment",
      "name": "nodes-AmazonEKS_CNI_Policy",
      "provider": "provider[\"registry.terraform.io/hashicorp/aws\"]",
      "instances": [
        {
          "schema_version": 0,
          "attributes": {
            "id": "eks-node-group-nodes-20250429082222209600000003",
            "policy_arn": "arn:aws:iam::aws:policy/AmazonEKS_CNI_Policy",
            "role": "eks-node-group-nodes"
          },
          "sensitive_attributes": [],
          "private": "bnVsbA==",
          "dependencies": [
            "module.eks_cluster.aws_iam_role.nodes",
            "module.eks_cluster.data.aws_caller_identity.this"
          ]
        }
      ]
    },
    {
      "module": "module.eks_cluster",
      "mode": "managed",
      "type": "aws_iam_role_policy_attachment",
      "name": "nodes-kms-policy",
      "provider": "provider[\"registry.terraform.io/hashicorp/aws\"]",
      "instances": [
        {
          "schema_version": 0,
          "attributes": {
            "id": "eks-node-group-nodes-20250429082231020300000006",
            "policy_arn": "arn:aws:iam::395364994606:policy/EKSNodeKMSPolicy",
            "role": "eks-node-group-nodes"
          },
          "sensitive_attributes": [],
          "private": "bnVsbA==",
          "dependencies": [
            "module.eks_cluster.aws_iam_policy.node_kms_policy",
            "module.eks_cluster.aws_iam_role.nodes",
            "module.eks_cluster.aws_kms_key.eks_key",
            "module.eks_cluster.data.aws_caller_identity.this"
          ]
        }
      ]
    },
    {
      "module": "module.eks_cluster",
      "mode": "managed",
      "type": "aws_internet_gateway",
      "name": "igw",
      "provider": "provider[\"registry.terraform.io/hashicorp/aws\"]",
      "instances": [
        {
          "schema_version": 0,
          "attributes": {
            "arn": "arn:aws:ec2:eu-west-1:395364994606:internet-gateway/igw-0ab25d4cbb5665216",
            "id": "igw-0ab25d4cbb5665216",
            "owner_id": "395364994606",
            "tags": {
              "Name": "infra-igw",
              "cost_center": "hosting",
              "owner": "devops",
              "product:devops": "true",
              "product:shared": "false"
            },
            "tags_all": {
              "Name": "infra-igw",
              "cost_center": "hosting",
              "owner": "devops",
              "product:devops": "true",
              "product:shared": "false"
            },
            "timeouts": null,
            "vpc_id": "vpc-00b5670738a73ee00"
          },
          "sensitive_attributes": [],
          "private": "eyJlMmJmYjczMC1lY2FhLTExZTYtOGY4OC0zNDM2M2JjN2M0YzAiOnsiY3JlYXRlIjoxMjAwMDAwMDAwMDAwLCJkZWxldGUiOjEyMDAwMDAwMDAwMDAsInVwZGF0ZSI6MTIwMDAwMDAwMDAwMH19",
          "dependencies": [
            "module.eks_cluster.aws_vpc.main"
          ]
        }
      ]
    },
    {
      "module": "module.eks_cluster",
      "mode": "managed",
      "type": "aws_kms_alias",
      "name": "eks_key_alias",
      "provider": "provider[\"registry.terraform.io/hashicorp/aws\"]",
      "instances": [
        {
          "schema_version": 0,
          "attributes": {
            "arn": "arn:aws:kms:eu-west-1:395364994606:alias/dev-default",
            "id": "alias/dev-default",
            "name": "alias/dev-default",
            "name_prefix": "",
            "target_key_arn": "arn:aws:kms:eu-west-1:395364994606:key/a6d7b0f1-0c88-4b99-8328-439227d38b3a",
            "target_key_id": "a6d7b0f1-0c88-4b99-8328-439227d38b3a"
          },
          "sensitive_attributes": [],
          "private": "bnVsbA==",
          "dependencies": [
            "module.eks_cluster.aws_kms_key.eks_key"
          ]
        }
      ]
    },
    {
      "module": "module.eks_cluster",
      "mode": "managed",
      "type": "aws_kms_key",
      "name": "eks_key",
      "provider": "provider[\"registry.terraform.io/hashicorp/aws\"]",
      "instances": [
        {
          "schema_version": 0,
          "attributes": {
            "arn": "arn:aws:kms:eu-west-1:395364994606:key/a6d7b0f1-0c88-4b99-8328-439227d38b3a",
            "bypass_policy_lockout_safety_check": false,
            "custom_key_store_id": "",
            "customer_master_key_spec": "SYMMETRIC_DEFAULT",
            "deletion_window_in_days": 7,
            "description": "KMS key for EKS cluster infra-cluster secrets",
            "enable_key_rotation": true,
            "id": "a6d7b0f1-0c88-4b99-8328-439227d38b3a",
            "is_enabled": true,
            "key_id": "a6d7b0f1-0c88-4b99-8328-439227d38b3a",
            "key_usage": "ENCRYPT_DECRYPT",
            "multi_region": false,
            "policy": "{\"Id\":\"key-default-1\",\"Statement\":[{\"Action\":\"kms:*\",\"Effect\":\"Allow\",\"Principal\":{\"AWS\":\"arn:aws:iam::395364994606:root\"},\"Resource\":\"*\",\"Sid\":\"Enable IAM User Permissions\"}],\"Version\":\"2012-10-17\"}",
            "rotation_period_in_days": 365,
            "tags": {
              "Name": "dev-default",
              "cost_center": "hosting",
              "owner": "devops",
              "product:devops": "true",
              "product:shared": "false"
            },
            "tags_all": {
              "Name": "dev-default",
              "cost_center": "hosting",
              "owner": "devops",
              "product:devops": "true",
              "product:shared": "false"
            },
            "timeouts": null,
            "xks_key_id": ""
          },
          "sensitive_attributes": [],
          "private": "eyJlMmJmYjczMC1lY2FhLTExZTYtOGY4OC0zNDM2M2JjN2M0YzAiOnsiY3JlYXRlIjoxMjAwMDAwMDAwMDB9fQ=="
        }
      ]
    },
    {
      "module": "module.eks_cluster",
      "mode": "managed",
      "type": "aws_launch_template",
      "name": "eks_with_kms",
      "provider": "provider[\"registry.terraform.io/hashicorp/aws\"]",
      "instances": [
        {
          "schema_version": 0,
          "attributes": {
            "arn": "arn:aws:ec2:eu-west-1:395364994606:launch-template/lt-0f3dca63733a9ca3c",
            "block_device_mappings": [
              {
                "device_name": "/dev/xvda",
                "ebs": [
                  {
                    "delete_on_termination": "",
                    "encrypted": "true",
                    "iops": 0,
                    "kms_key_id": "",
                    "snapshot_id": "",
                    "throughput": 0,
                    "volume_size": 30,
                    "volume_type": "gp3"
                  }
                ],
                "no_device": "",
                "virtual_name": ""
              }
            ],
            "capacity_reservation_specification": [],
            "cpu_options": [],
            "credit_specification": [],
            "default_version": 1,
            "description": "",
            "disable_api_stop": false,
            "disable_api_termination": false,
            "ebs_optimized": "",
            "elastic_gpu_specifications": [],
            "elastic_inference_accelerator": [],
            "enclave_options": [],
            "hibernation_options": [],
            "iam_instance_profile": [],
            "id": "lt-0f3dca63733a9ca3c",
            "image_id": "",
            "instance_initiated_shutdown_behavior": "",
            "instance_market_options": [],
            "instance_requirements": [],
            "instance_type": "",
            "kernel_id": "",
            "key_name": "",
            "latest_version": 1,
            "license_specification": [],
            "maintenance_options": [],
            "metadata_options": [
              {
                "http_endpoint": "enabled",
                "http_protocol_ipv6": "",
                "http_put_response_hop_limit": 2,
                "http_tokens": "required",
                "instance_metadata_tags": ""
              }
            ],
            "monitoring": [],
            "name": "eks_with_kms",
            "name_prefix": "",
            "network_interfaces": [],
            "placement": [],
            "private_dns_name_options": [],
            "ram_disk_id": "",
            "security_group_names": null,
            "tag_specifications": [],
            "tags": null,
            "tags_all": {},
            "update_default_version": null,
            "user_data": "",
            "vpc_security_group_ids": null
          },
          "sensitive_attributes": [],
          "private": "bnVsbA=="
        }
      ]
    },
    {
      "module": "module.eks_cluster",
      "mode": "managed",
      "type": "aws_nat_gateway",
      "name": "nat_gw",
      "provider": "provider[\"registry.terraform.io/hashicorp/aws\"]",
      "instances": [
        {
          "index_key": 0,
          "schema_version": 0,
          "attributes": {
            "allocation_id": "eipalloc-0c5aef4f0f9ba7feb",
            "association_id": "eipassoc-06a03013086e5c490",
            "connectivity_type": "public",
            "id": "nat-0cf89ed96ceac68eb",
            "network_interface_id": "eni-0b9799c281210e7a7",
            "private_ip": "10.0.101.5",
            "public_ip": "63.33.159.135",
            "secondary_allocation_ids": null,
            "secondary_private_ip_address_count": 0,
            "secondary_private_ip_addresses": [],
            "subnet_id": "subnet-00e7e732c9b48a84f",
            "tags": {
              "Name": "infra-nat-gw-eu-west-1a",
              "cost_center": "hosting",
              "owner": "devops",
              "product:devops": "true",
              "product:shared": "false"
            },
            "tags_all": {
              "Name": "infra-nat-gw-eu-west-1a",
              "cost_center": "hosting",
              "owner": "devops",
              "product:devops": "true",
              "product:shared": "false"
            },
            "timeouts": null
          },
          "sensitive_attributes": [],
          "private": "eyJlMmJmYjczMC1lY2FhLTExZTYtOGY4OC0zNDM2M2JjN2M0YzAiOnsiY3JlYXRlIjo2MDAwMDAwMDAwMDAsImRlbGV0ZSI6MTgwMDAwMDAwMDAwMCwidXBkYXRlIjo2MDAwMDAwMDAwMDB9fQ==",
          "dependencies": [
            "module.eks_cluster.aws_eip.nat",
            "module.eks_cluster.aws_internet_gateway.igw",
            "module.eks_cluster.aws_subnet.public",
            "module.eks_cluster.aws_vpc.main"
          ]
        }
      ]
    },
    {
      "module": "module.eks_cluster",
      "mode": "managed",
      "type": "aws_route",
      "name": "private_nat_gateway",
      "provider": "provider[\"registry.terraform.io/hashicorp/aws\"]",
      "instances": [
        {
          "index_key": 0,
          "schema_version": 0,
          "attributes": {
            "carrier_gateway_id": "",
            "core_network_arn": "",
            "destination_cidr_block": "0.0.0.0/0",
            "destination_ipv6_cidr_block": "",
            "destination_prefix_list_id": "",
            "egress_only_gateway_id": "",
            "gateway_id": "",
            "id": "r-rtb-030ce3ced74a26cf51080289494",
            "instance_id": "",
            "instance_owner_id": "",
            "local_gateway_id": "",
            "nat_gateway_id": "nat-0cf89ed96ceac68eb",
            "network_interface_id": "",
            "origin": "CreateRoute",
            "route_table_id": "rtb-030ce3ced74a26cf5",
            "state": "active",
            "timeouts": null,
            "transit_gateway_id": "",
            "vpc_endpoint_id": "",
            "vpc_peering_connection_id": ""
          },
          "sensitive_attributes": [],
          "private": "eyJlMmJmYjczMC1lY2FhLTExZTYtOGY4OC0zNDM2M2JjN2M0YzAiOnsiY3JlYXRlIjozMDAwMDAwMDAwMDAsImRlbGV0ZSI6MzAwMDAwMDAwMDAwLCJ1cGRhdGUiOjEyMDAwMDAwMDAwMH19",
          "dependencies": [
            "module.eks_cluster.aws_eip.nat",
            "module.eks_cluster.aws_internet_gateway.igw",
            "module.eks_cluster.aws_nat_gateway.nat_gw",
            "module.eks_cluster.aws_route_table.private",
            "module.eks_cluster.aws_subnet.public",
            "module.eks_cluster.aws_vpc.main"
          ]
        },
        {
          "index_key": 1,
          "schema_version": 0,
          "attributes": {
            "carrier_gateway_id": "",
            "core_network_arn": "",
            "destination_cidr_block": "0.0.0.0/0",
            "destination_ipv6_cidr_block": "",
            "destination_prefix_list_id": "",
            "egress_only_gateway_id": "",
            "gateway_id": "",
            "id": "r-rtb-035001cd9032c00d31080289494",
            "instance_id": "",
            "instance_owner_id": "",
            "local_gateway_id": "",
            "nat_gateway_id": "nat-0cf89ed96ceac68eb",
            "network_interface_id": "",
            "origin": "CreateRoute",
            "route_table_id": "rtb-035001cd9032c00d3",
            "state": "active",
            "timeouts": null,
            "transit_gateway_id": "",
            "vpc_endpoint_id": "",
            "vpc_peering_connection_id": ""
          },
          "sensitive_attributes": [],
          "private": "eyJlMmJmYjczMC1lY2FhLTExZTYtOGY4OC0zNDM2M2JjN2M0YzAiOnsiY3JlYXRlIjozMDAwMDAwMDAwMDAsImRlbGV0ZSI6MzAwMDAwMDAwMDAwLCJ1cGRhdGUiOjEyMDAwMDAwMDAwMH19",
          "dependencies": [
            "module.eks_cluster.aws_eip.nat",
            "module.eks_cluster.aws_internet_gateway.igw",
            "module.eks_cluster.aws_nat_gateway.nat_gw",
            "module.eks_cluster.aws_route_table.private",
            "module.eks_cluster.aws_subnet.public",
            "module.eks_cluster.aws_vpc.main"
          ]
        }
      ]
    },
    {
      "module": "module.eks_cluster",
      "mode": "managed",
      "type": "aws_route",
      "name": "public_internet_gateway",
      "provider": "provider[\"registry.terraform.io/hashicorp/aws\"]",
      "instances": [
        {
          "schema_version": 0,
          "attributes": {
            "carrier_gateway_id": "",
            "core_network_arn": "",
            "destination_cidr_block": "0.0.0.0/0",
            "destination_ipv6_cidr_block": "",
            "destination_prefix_list_id": "",
            "egress_only_gateway_id": "",
            "gateway_id": "igw-0ab25d4cbb5665216",
            "id": "r-rtb-0f45695d5793cc22b1080289494",
            "instance_id": "",
            "instance_owner_id": "",
            "local_gateway_id": "",
            "nat_gateway_id": "",
            "network_interface_id": "",
            "origin": "CreateRoute",
            "route_table_id": "rtb-0f45695d5793cc22b",
            "state": "active",
            "timeouts": null,
            "transit_gateway_id": "",
            "vpc_endpoint_id": "",
            "vpc_peering_connection_id": ""
          },
          "sensitive_attributes": [],
          "private": "eyJlMmJmYjczMC1lY2FhLTExZTYtOGY4OC0zNDM2M2JjN2M0YzAiOnsiY3JlYXRlIjozMDAwMDAwMDAwMDAsImRlbGV0ZSI6MzAwMDAwMDAwMDAwLCJ1cGRhdGUiOjEyMDAwMDAwMDAwMH19",
          "dependencies": [
            "module.eks_cluster.aws_internet_gateway.igw",
            "module.eks_cluster.aws_route_table.public",
            "module.eks_cluster.aws_vpc.main"
          ]
        }
      ]
    },
    {
      "module": "module.eks_cluster",
      "mode": "managed",
      "type": "aws_route_table",
      "name": "private",
      "provider": "provider[\"registry.terraform.io/hashicorp/aws\"]",
      "instances": [
        {
          "index_key": 0,
          "schema_version": 0,
          "attributes": {
            "arn": "arn:aws:ec2:eu-west-1:395364994606:route-table/rtb-030ce3ced74a26cf5",
            "id": "rtb-030ce3ced74a26cf5",
            "owner_id": "395364994606",
            "propagating_vgws": [],
            "route": [],
            "tags": {
              "Name": "infra-private-rt-eu-west-1a",
              "cost_center": "hosting",
              "owner": "devops",
              "product:devops": "true",
              "product:shared": "false"
            },
            "tags_all": {
              "Name": "infra-private-rt-eu-west-1a",
              "cost_center": "hosting",
              "owner": "devops",
              "product:devops": "true",
              "product:shared": "false"
            },
            "timeouts": null,
            "vpc_id": "vpc-00b5670738a73ee00"
          },
          "sensitive_attributes": [],
          "private": "eyJlMmJmYjczMC1lY2FhLTExZTYtOGY4OC0zNDM2M2JjN2M0YzAiOnsiY3JlYXRlIjozMDAwMDAwMDAwMDAsImRlbGV0ZSI6MzAwMDAwMDAwMDAwLCJ1cGRhdGUiOjEyMDAwMDAwMDAwMH19",
          "dependencies": [
            "module.eks_cluster.aws_vpc.main"
          ]
        },
        {
          "index_key": 1,
          "schema_version": 0,
          "attributes": {
            "arn": "arn:aws:ec2:eu-west-1:395364994606:route-table/rtb-035001cd9032c00d3",
            "id": "rtb-035001cd9032c00d3",
            "owner_id": "395364994606",
            "propagating_vgws": [],
            "route": [],
            "tags": {
              "Name": "infra-private-rt-eu-west-1b",
              "cost_center": "hosting",
              "owner": "devops",
              "product:devops": "true",
              "product:shared": "false"
            },
            "tags_all": {
              "Name": "infra-private-rt-eu-west-1b",
              "cost_center": "hosting",
              "owner": "devops",
              "product:devops": "true",
              "product:shared": "false"
            },
            "timeouts": null,
            "vpc_id": "vpc-00b5670738a73ee00"
          },
          "sensitive_attributes": [],
          "private": "eyJlMmJmYjczMC1lY2FhLTExZTYtOGY4OC0zNDM2M2JjN2M0YzAiOnsiY3JlYXRlIjozMDAwMDAwMDAwMDAsImRlbGV0ZSI6MzAwMDAwMDAwMDAwLCJ1cGRhdGUiOjEyMDAwMDAwMDAwMH19",
          "dependencies": [
            "module.eks_cluster.aws_vpc.main"
          ]
        }
      ]
    },
    {
      "module": "module.eks_cluster",
      "mode": "managed",
      "type": "aws_route_table",
      "name": "public",
      "provider": "provider[\"registry.terraform.io/hashicorp/aws\"]",
      "instances": [
        {
          "schema_version": 0,
          "attributes": {
            "arn": "arn:aws:ec2:eu-west-1:395364994606:route-table/rtb-0f45695d5793cc22b",
            "id": "rtb-0f45695d5793cc22b",
            "owner_id": "395364994606",
            "propagating_vgws": [],
            "route": [],
            "tags": {
              "Name": "infra-public-rt",
              "cost_center": "hosting",
              "owner": "devops",
              "product:devops": "true",
              "product:shared": "false"
            },
            "tags_all": {
              "Name": "infra-public-rt",
              "cost_center": "hosting",
              "owner": "devops",
              "product:devops": "true",
              "product:shared": "false"
            },
            "timeouts": null,
            "vpc_id": "vpc-00b5670738a73ee00"
          },
          "sensitive_attributes": [],
          "private": "eyJlMmJmYjczMC1lY2FhLTExZTYtOGY4OC0zNDM2M2JjN2M0YzAiOnsiY3JlYXRlIjozMDAwMDAwMDAwMDAsImRlbGV0ZSI6MzAwMDAwMDAwMDAwLCJ1cGRhdGUiOjEyMDAwMDAwMDAwMH19",
          "dependencies": [
            "module.eks_cluster.aws_vpc.main"
          ]
        }
      ]
    },
    {
      "module": "module.eks_cluster",
      "mode": "managed",
      "type": "aws_route_table_association",
      "name": "private",
      "provider": "provider[\"registry.terraform.io/hashicorp/aws\"]",
      "instances": [
        {
          "index_key": 0,
          "schema_version": 0,
          "attributes": {
            "gateway_id": "",
            "id": "rtbassoc-056dd959822657987",
            "route_table_id": "rtb-030ce3ced74a26cf5",
            "subnet_id": "subnet-0bbedf6c09a33510d",
            "timeouts": null
          },
          "sensitive_attributes": [],
          "private": "eyJlMmJmYjczMC1lY2FhLTExZTYtOGY4OC0zNDM2M2JjN2M0YzAiOnsiY3JlYXRlIjozMDAwMDAwMDAwMDAsImRlbGV0ZSI6MzAwMDAwMDAwMDAwLCJ1cGRhdGUiOjEyMDAwMDAwMDAwMH19",
          "dependencies": [
            "module.eks_cluster.aws_route_table.private",
            "module.eks_cluster.aws_subnet.private",
            "module.eks_cluster.aws_vpc.main"
          ]
        },
        {
          "index_key": 1,
          "schema_version": 0,
          "attributes": {
            "gateway_id": "",
            "id": "rtbassoc-00e20166d71163527",
            "route_table_id": "rtb-035001cd9032c00d3",
            "subnet_id": "subnet-0b0f044c704035b83",
            "timeouts": null
          },
          "sensitive_attributes": [],
          "private": "eyJlMmJmYjczMC1lY2FhLTExZTYtOGY4OC0zNDM2M2JjN2M0YzAiOnsiY3JlYXRlIjozMDAwMDAwMDAwMDAsImRlbGV0ZSI6MzAwMDAwMDAwMDAwLCJ1cGRhdGUiOjEyMDAwMDAwMDAwMH19",
          "dependencies": [
            "module.eks_cluster.aws_route_table.private",
            "module.eks_cluster.aws_subnet.private",
            "module.eks_cluster.aws_vpc.main"
          ]
        }
      ]
    },
    {
      "module": "module.eks_cluster",
      "mode": "managed",
      "type": "aws_route_table_association",
      "name": "public",
      "provider": "provider[\"registry.terraform.io/hashicorp/aws\"]",
      "instances": [
        {
          "index_key": 0,
          "schema_version": 0,
          "attributes": {
            "gateway_id": "",
            "id": "rtbassoc-039e93d10d0e83986",
            "route_table_id": "rtb-0f45695d5793cc22b",
            "subnet_id": "subnet-00e7e732c9b48a84f",
            "timeouts": null
          },
          "sensitive_attributes": [],
          "private": "eyJlMmJmYjczMC1lY2FhLTExZTYtOGY4OC0zNDM2M2JjN2M0YzAiOnsiY3JlYXRlIjozMDAwMDAwMDAwMDAsImRlbGV0ZSI6MzAwMDAwMDAwMDAwLCJ1cGRhdGUiOjEyMDAwMDAwMDAwMH19",
          "dependencies": [
            "module.eks_cluster.aws_route_table.public",
            "module.eks_cluster.aws_subnet.public",
            "module.eks_cluster.aws_vpc.main"
          ]
        },
        {
          "index_key": 1,
          "schema_version": 0,
          "attributes": {
            "gateway_id": "",
            "id": "rtbassoc-0a42a703b804d3cd7",
            "route_table_id": "rtb-0f45695d5793cc22b",
            "subnet_id": "subnet-00efaa0cda7a100e2",
            "timeouts": null
          },
          "sensitive_attributes": [],
          "private": "eyJlMmJmYjczMC1lY2FhLTExZTYtOGY4OC0zNDM2M2JjN2M0YzAiOnsiY3JlYXRlIjozMDAwMDAwMDAwMDAsImRlbGV0ZSI6MzAwMDAwMDAwMDAwLCJ1cGRhdGUiOjEyMDAwMDAwMDAwMH19",
          "dependencies": [
            "module.eks_cluster.aws_route_table.public",
            "module.eks_cluster.aws_subnet.public",
            "module.eks_cluster.aws_vpc.main"
          ]
        }
      ]
    },
    {
      "module": "module.eks_cluster",
      "mode": "managed",
      "type": "aws_security_group",
      "name": "pritunl",
      "provider": "provider[\"registry.terraform.io/hashicorp/aws\"]",
      "instances": [
        {
          "schema_version": 1,
          "attributes": {
            "arn": "arn:aws:ec2:eu-west-1:395364994606:security-group/sg-09fe6db5334508ebd",
            "description": "Security group for VPN access to EKS cluster",
            "egress": [
              {
                "cidr_blocks": [
                  "0.0.0.0/0"
                ],
                "description": "Allow all outbound traffic",
                "from_port": 0,
                "ipv6_cidr_blocks": [],
                "prefix_list_ids": [],
                "protocol": "-1",
                "security_groups": [],
                "self": false,
                "to_port": 0
              }
            ],
            "id": "sg-09fe6db5334508ebd",
            "ingress": [
              {
                "cidr_blocks": [],
                "description": "Allow all internal traffic",
                "from_port": 0,
                "ipv6_cidr_blocks": [],
                "prefix_list_ids": [],
                "protocol": "-1",
                "security_groups": [],
                "self": true,
                "to_port": 0
              }
            ],
            "name": "infra-pritunl-server-developer",
            "name_prefix": "",
            "owner_id": "395364994606",
            "revoke_rules_on_delete": false,
            "tags": {
              "Name": "infra-pritunl-server-developer",
              "cost_center": "hosting",
              "owner": "devops",
              "product:devops": "true",
              "product:shared": "false"
            },
            "tags_all": {
              "Name": "infra-pritunl-server-developer",
              "cost_center": "hosting",
              "owner": "devops",
              "product:devops": "true",
              "product:shared": "false"
            },
            "timeouts": null,
            "vpc_id": "vpc-00b5670738a73ee00"
          },
          "sensitive_attributes": [],
          "private": "eyJlMmJmYjczMC1lY2FhLTExZTYtOGY4OC0zNDM2M2JjN2M0YzAiOnsiY3JlYXRlIjo2MDAwMDAwMDAwMDAsImRlbGV0ZSI6OTAwMDAwMDAwMDAwfSwic2NoZW1hX3ZlcnNpb24iOiIxIn0=",
          "dependencies": [
            "module.eks_cluster.aws_vpc.main"
          ]
        }
      ]
    },
    {
      "module": "module.eks_cluster",
      "mode": "managed",
      "type": "aws_security_group_rule",
      "name": "eks_pritunl_access",
      "provider": "provider[\"registry.terraform.io/hashicorp/aws\"]",
      "instances": [
        {
          "schema_version": 2,
          "attributes": {
            "cidr_blocks": null,
            "description": "Allow access from pritunl to EKS cluster",
            "from_port": 443,
            "id": "sgrule-1845646639",
            "ipv6_cidr_blocks": null,
            "prefix_list_ids": null,
            "protocol": "tcp",
            "security_group_id": "sg-06bef327ac669a44f",
            "security_group_rule_id": "sgr-0a7c21711c9db08c9",
            "self": false,
            "source_security_group_id": "sg-09fe6db5334508ebd",
            "timeouts": null,
            "to_port": 443,
            "type": "ingress"
          },
          "sensitive_attributes": [],
          "private": "eyJlMmJmYjczMC1lY2FhLTExZTYtOGY4OC0zNDM2M2JjN2M0YzAiOnsiY3JlYXRlIjozMDAwMDAwMDAwMDB9LCJzY2hlbWFfdmVyc2lvbiI6IjIifQ==",
          "dependencies": [
            "module.eks_cluster.aws_eks_cluster.infra-cluster",
            "module.eks_cluster.aws_iam_role.infra-cluster",
            "module.eks_cluster.aws_iam_role_policy_attachment.infra-cluster-AmazonEKSClusterPolicy",
            "module.eks_cluster.aws_kms_key.eks_key",
            "module.eks_cluster.aws_security_group.pritunl",
            "module.eks_cluster.aws_subnet.private",
            "module.eks_cluster.aws_subnet.public",
            "module.eks_cluster.aws_vpc.main"
          ]
        }
      ]
    },
    {
      "module": "module.eks_cluster",
      "mode": "managed",
      "type": "aws_subnet",
      "name": "private",
      "provider": "provider[\"registry.terraform.io/hashicorp/aws\"]",
      "instances": [
        {
          "index_key": 0,
          "schema_version": 1,
          "attributes": {
            "arn": "arn:aws:ec2:eu-west-1:395364994606:subnet/subnet-0bbedf6c09a33510d",
            "assign_ipv6_address_on_creation": false,
            "availability_zone": "eu-west-1a",
            "availability_zone_id": "euw1-az3",
            "cidr_block": "10.0.1.0/24",
            "customer_owned_ipv4_pool": "",
            "enable_dns64": false,
            "enable_lni_at_device_index": 0,
            "enable_resource_name_dns_a_record_on_launch": false,
            "enable_resource_name_dns_aaaa_record_on_launch": false,
            "id": "subnet-0bbedf6c09a33510d",
            "ipv6_cidr_block": "",
            "ipv6_cidr_block_association_id": "",
            "ipv6_native": false,
            "map_customer_owned_ip_on_launch": false,
            "map_public_ip_on_launch": false,
            "outpost_arn": "",
            "owner_id": "395364994606",
            "private_dns_hostname_type_on_launch": "ip-name",
            "tags": {
              "Name": "infra-private-eu-west-1a",
              "cost_center": "hosting",
              "environment": "infra",
              "kubernetes.io/role/internal-elb": "1",
              "owner": "devops",
              "product:devops": "true",
              "product:shared": "false",
              "tier": "private"
            },
            "tags_all": {
              "Name": "infra-private-eu-west-1a",
              "cost_center": "hosting",
              "environment": "infra",
              "kubernetes.io/role/internal-elb": "1",
              "owner": "devops",
              "product:devops": "true",
              "product:shared": "false",
              "tier": "private"
            },
            "timeouts": null,
            "vpc_id": "vpc-00b5670738a73ee00"
          },
          "sensitive_attributes": [],
          "private": "eyJlMmJmYjczMC1lY2FhLTExZTYtOGY4OC0zNDM2M2JjN2M0YzAiOnsiY3JlYXRlIjo2MDAwMDAwMDAwMDAsImRlbGV0ZSI6MTIwMDAwMDAwMDAwMH0sInNjaGVtYV92ZXJzaW9uIjoiMSJ9",
          "dependencies": [
            "module.eks_cluster.aws_vpc.main"
          ]
        },
        {
          "index_key": 1,
          "schema_version": 1,
          "attributes": {
            "arn": "arn:aws:ec2:eu-west-1:395364994606:subnet/subnet-0b0f044c704035b83",
            "assign_ipv6_address_on_creation": false,
            "availability_zone": "eu-west-1b",
            "availability_zone_id": "euw1-az1",
            "cidr_block": "10.0.2.0/24",
            "customer_owned_ipv4_pool": "",
            "enable_dns64": false,
            "enable_lni_at_device_index": 0,
            "enable_resource_name_dns_a_record_on_launch": false,
            "enable_resource_name_dns_aaaa_record_on_launch": false,
            "id": "subnet-0b0f044c704035b83",
            "ipv6_cidr_block": "",
            "ipv6_cidr_block_association_id": "",
            "ipv6_native": false,
            "map_customer_owned_ip_on_launch": false,
            "map_public_ip_on_launch": false,
            "outpost_arn": "",
            "owner_id": "395364994606",
            "private_dns_hostname_type_on_launch": "ip-name",
            "tags": {
              "Name": "infra-private-eu-west-1b",
              "cost_center": "hosting",
              "environment": "infra",
              "kubernetes.io/role/internal-elb": "1",
              "owner": "devops",
              "product:devops": "true",
              "product:shared": "false",
              "tier": "private"
            },
            "tags_all": {
              "Name": "infra-private-eu-west-1b",
              "cost_center": "hosting",
              "environment": "infra",
              "kubernetes.io/role/internal-elb": "1",
              "owner": "devops",
              "product:devops": "true",
              "product:shared": "false",
              "tier": "private"
            },
            "timeouts": null,
            "vpc_id": "vpc-00b5670738a73ee00"
          },
          "sensitive_attributes": [],
          "private": "eyJlMmJmYjczMC1lY2FhLTExZTYtOGY4OC0zNDM2M2JjN2M0YzAiOnsiY3JlYXRlIjo2MDAwMDAwMDAwMDAsImRlbGV0ZSI6MTIwMDAwMDAwMDAwMH0sInNjaGVtYV92ZXJzaW9uIjoiMSJ9",
          "dependencies": [
            "module.eks_cluster.aws_vpc.main"
          ]
        }
      ]
    },
    {
      "module": "module.eks_cluster",
      "mode": "managed",
      "type": "aws_subnet",
      "name": "public",
      "provider": "provider[\"registry.terraform.io/hashicorp/aws\"]",
      "instances": [
        {
          "index_key": 0,
          "schema_version": 1,
          "attributes": {
            "arn": "arn:aws:ec2:eu-west-1:395364994606:subnet/subnet-00e7e732c9b48a84f",
            "assign_ipv6_address_on_creation": false,
            "availability_zone": "eu-west-1a",
            "availability_zone_id": "euw1-az3",
            "cidr_block": "10.0.101.0/24",
            "customer_owned_ipv4_pool": "",
            "enable_dns64": false,
            "enable_lni_at_device_index": 0,
            "enable_resource_name_dns_a_record_on_launch": false,
            "enable_resource_name_dns_aaaa_record_on_launch": false,
            "id": "subnet-00e7e732c9b48a84f",
            "ipv6_cidr_block": "",
            "ipv6_cidr_block_association_id": "",
            "ipv6_native": false,
            "map_customer_owned_ip_on_launch": false,
            "map_public_ip_on_launch": true,
            "outpost_arn": "",
            "owner_id": "395364994606",
            "private_dns_hostname_type_on_launch": "ip-name",
            "tags": {
              "Name": "infra-public-eu-west-1a",
              "cost_center": "hosting",
              "environment": "infra",
              "kubernetes.io/role/elb": "1",
              "owner": "devops",
              "product:devops": "true",
              "product:shared": "false",
              "tier": "public"
            },
            "tags_all": {
              "Name": "infra-public-eu-west-1a",
              "cost_center": "hosting",
              "environment": "infra",
              "kubernetes.io/role/elb": "1",
              "owner": "devops",
              "product:devops": "true",
              "product:shared": "false",
              "tier": "public"
            },
            "timeouts": null,
            "vpc_id": "vpc-00b5670738a73ee00"
          },
          "sensitive_attributes": [],
          "private": "eyJlMmJmYjczMC1lY2FhLTExZTYtOGY4OC0zNDM2M2JjN2M0YzAiOnsiY3JlYXRlIjo2MDAwMDAwMDAwMDAsImRlbGV0ZSI6MTIwMDAwMDAwMDAwMH0sInNjaGVtYV92ZXJzaW9uIjoiMSJ9",
          "dependencies": [
            "module.eks_cluster.aws_vpc.main"
          ]
        },
        {
          "index_key": 1,
          "schema_version": 1,
          "attributes": {
            "arn": "arn:aws:ec2:eu-west-1:395364994606:subnet/subnet-00efaa0cda7a100e2",
            "assign_ipv6_address_on_creation": false,
            "availability_zone": "eu-west-1b",
            "availability_zone_id": "euw1-az1",
            "cidr_block": "10.0.102.0/24",
            "customer_owned_ipv4_pool": "",
            "enable_dns64": false,
            "enable_lni_at_device_index": 0,
            "enable_resource_name_dns_a_record_on_launch": false,
            "enable_resource_name_dns_aaaa_record_on_launch": false,
            "id": "subnet-00efaa0cda7a100e2",
            "ipv6_cidr_block": "",
            "ipv6_cidr_block_association_id": "",
            "ipv6_native": false,
            "map_customer_owned_ip_on_launch": false,
            "map_public_ip_on_launch": true,
            "outpost_arn": "",
            "owner_id": "395364994606",
            "private_dns_hostname_type_on_launch": "ip-name",
            "tags": {
              "Name": "infra-public-eu-west-1b",
              "cost_center": "hosting",
              "environment": "infra",
              "kubernetes.io/role/elb": "1",
              "owner": "devops",
              "product:devops": "true",
              "product:shared": "false",
              "tier": "public"
            },
            "tags_all": {
              "Name": "infra-public-eu-west-1b",
              "cost_center": "hosting",
              "environment": "infra",
              "kubernetes.io/role/elb": "1",
              "owner": "devops",
              "product:devops": "true",
              "product:shared": "false",
              "tier": "public"
            },
            "timeouts": null,
            "vpc_id": "vpc-00b5670738a73ee00"
          },
          "sensitive_attributes": [],
          "private": "eyJlMmJmYjczMC1lY2FhLTExZTYtOGY4OC0zNDM2M2JjN2M0YzAiOnsiY3JlYXRlIjo2MDAwMDAwMDAwMDAsImRlbGV0ZSI6MTIwMDAwMDAwMDAwMH0sInNjaGVtYV92ZXJzaW9uIjoiMSJ9",
          "dependencies": [
            "module.eks_cluster.aws_vpc.main"
          ]
        }
      ]
    },
    {
      "module": "module.eks_cluster",
      "mode": "managed",
      "type": "aws_vpc",
      "name": "main",
      "provider": "provider[\"registry.terraform.io/hashicorp/aws\"]",
      "instances": [
        {
          "schema_version": 1,
          "attributes": {
            "arn": "arn:aws:ec2:eu-west-1:395364994606:vpc/vpc-00b5670738a73ee00",
            "assign_generated_ipv6_cidr_block": false,
            "cidr_block": "10.0.0.0/16",
            "default_network_acl_id": "acl-0fec983ad1ed61959",
            "default_route_table_id": "rtb-05c52bd7660bf75fa",
            "default_security_group_id": "sg-00d21893025224022",
            "dhcp_options_id": "dopt-0c1ea6276bdcd8818",
            "enable_dns_hostnames": true,
            "enable_dns_support": true,
            "enable_network_address_usage_metrics": false,
            "id": "vpc-00b5670738a73ee00",
            "instance_tenancy": "default",
            "ipv4_ipam_pool_id": null,
            "ipv4_netmask_length": null,
            "ipv6_association_id": "",
            "ipv6_cidr_block": "",
            "ipv6_cidr_block_network_border_group": "",
            "ipv6_ipam_pool_id": "",
            "ipv6_netmask_length": 0,
            "main_route_table_id": "rtb-05c52bd7660bf75fa",
            "owner_id": "395364994606",
            "tags": {
              "Name": "infra-vpc",
              "cost_center": "hosting",
              "owner": "devops",
              "product:devops": "true",
              "product:shared": "false"
            },
            "tags_all": {
              "Name": "infra-vpc",
              "cost_center": "hosting",
              "owner": "devops",
              "product:devops": "true",
              "product:shared": "false"
            }
          },
          "sensitive_attributes": [],
          "private": "eyJzY2hlbWFfdmVyc2lvbiI6IjEifQ=="
        }
      ]
    },
    {
      "module": "module.eks_cluster",
      "mode": "managed",
      "type": "helm_release",
      "name": "argocd",
      "provider": "module.eks_cluster.provider[\"registry.terraform.io/hashicorp/helm\"]",
      "instances": [
        {
          "schema_version": 1,
          "attributes": {
            "atomic": false,
            "chart": "argo-cd",
            "cleanup_on_fail": false,
            "create_namespace": true,
            "dependency_update": false,
            "description": null,
            "devel": null,
            "disable_crd_hooks": false,
            "disable_openapi_validation": false,
            "disable_webhooks": false,
            "force_update": false,
            "id": "argocd",
            "keyring": null,
            "lint": false,
            "manifest": null,
            "max_history": 0,
            "metadata": [
              {
                "app_version": "v2.13.3",
                "chart": "argo-cd",
                "first_deployed": 1745915563,
                "last_deployed": 1745915563,
                "name": "argocd",
                "namespace": "argocd",
                "notes": "In order to access the server UI you have the following options:\n\n1. kubectl port-forward service/argocd-server -n argocd 8080:443\n\n    and then open the browser on http://localhost:8080 and accept the certificate\n\n2. enable ingress in the values file `server.ingress.enabled` and either\n      - Add the annotation for ssl passthrough: https://argo-cd.readthedocs.io/en/stable/operator-manual/ingress/#option-1-ssl-passthrough\n      - Set the `configs.params.\"server.insecure\"` in the values file and terminate SSL at your ingress: https://argo-cd.readthedocs.io/en/stable/operator-manual/ingress/#option-2-multiple-ingress-objects-and-hosts\n\n\nAfter reaching the UI the first time you can login with username: admin and the random password generated during the installation. You can find the password by running:\n\nkubectl -n argocd get secret argocd-initial-admin-secret -o jsonpath=\"{.data.password}\" | base64 -d\n\n(You should delete the initial secret afterwards as suggested by the Getting Started Guide: https://argo-cd.readthedocs.io/en/stable/getting_started/#4-login-using-the-cli)\n",
                "revision": 1,
                "values": "{\"params\":{\"server\":{\"insecure\":true}}}",
                "version": "7.7.13"
              }
            ],
            "name": "argocd",
            "namespace": "argocd",
            "pass_credentials": false,
            "postrender": [],
            "recreate_pods": false,
            "render_subchart_notes": true,
            "replace": false,
            "repository": "https://argoproj.github.io/argo-helm",
            "repository_ca_file": null,
            "repository_cert_file": null,
            "repository_key_file": null,
            "repository_password": null,
            "repository_username": null,
            "reset_values": false,
            "reuse_values": false,
            "set": [
              {
                "name": "params.server.insecure",
                "type": "",
                "value": "true"
              }
            ],
            "set_list": [],
            "set_sensitive": [],
            "skip_crds": false,
            "status": "deployed",
            "timeout": 300,
            "upgrade_install": null,
            "values": null,
            "verify": false,
            "version": "7.7.13",
            "wait": true,
            "wait_for_jobs": false
          },
          "sensitive_attributes": [
            [
              {
                "type": "get_attr",
                "value": "repository_password"
              }
            ]
          ],
          "private": "eyJzY2hlbWFfdmVyc2lvbiI6IjEifQ==",
          "dependencies": [
            "module.eks_cluster.aws_eks_cluster.infra-cluster",
            "module.eks_cluster.aws_eks_node_group.private-nodes",
            "module.eks_cluster.aws_iam_policy.node_kms_policy",
            "module.eks_cluster.aws_iam_role.infra-cluster",
            "module.eks_cluster.aws_iam_role.nodes",
            "module.eks_cluster.aws_iam_role_policy_attachment.infra-cluster-AmazonEKSClusterPolicy",
            "module.eks_cluster.aws_iam_role_policy_attachment.nodes-AmazonEC2ContainerRegistryReadOnly",
            "module.eks_cluster.aws_iam_role_policy_attachment.nodes-AmazonEKSWorkerNodePolicy",
            "module.eks_cluster.aws_iam_role_policy_attachment.nodes-AmazonEKS_CNI_Policy",
            "module.eks_cluster.aws_iam_role_policy_attachment.nodes-kms-policy",
            "module.eks_cluster.aws_kms_key.eks_key",
            "module.eks_cluster.aws_launch_template.eks_with_kms",
            "module.eks_cluster.aws_security_group.pritunl",
            "module.eks_cluster.aws_security_group_rule.eks_pritunl_access",
            "module.eks_cluster.aws_subnet.private",
            "module.eks_cluster.aws_subnet.public",
            "module.eks_cluster.aws_vpc.main",
            "module.eks_cluster.data.aws_caller_identity.this",
            "module.eks_cluster.data.aws_eks_cluster.infra-cluster"
          ]
        }
      ]
    },
    {
      "module": "module.eks_cluster",
      "mode": "managed",
      "type": "helm_release",
      "name": "aws_load_balancer_controller",
      "provider": "module.eks_cluster.provider[\"registry.terraform.io/hashicorp/helm\"]",
      "instances": [
        {
          "schema_version": 1,
          "attributes": {
            "atomic": false,
            "chart": "aws-load-balancer-controller",
            "cleanup_on_fail": false,
            "create_namespace": false,
            "dependency_update": false,
            "description": null,
            "devel": null,
            "disable_crd_hooks": false,
            "disable_openapi_validation": false,
            "disable_webhooks": false,
            "force_update": false,
            "id": "aws-load-balancer-controller",
            "keyring": null,
            "lint": false,
            "manifest": null,
            "max_history": 0,
            "metadata": [
              {
                "app_version": "v2.4.7",
                "chart": "aws-load-balancer-controller",
                "first_deployed": 1745915564,
                "last_deployed": 1745915564,
                "name": "aws-load-balancer-controller",
                "namespace": "kube-system",
                "notes": "AWS Load Balancer controller installed!\n",
                "revision": 1,
                "values": "{\"clusterName\":\"infra-cluster\",\"region\":\"eu-west-1\",\"serviceAccount\":{\"create\":false,\"name\":\"aws-load-balancer-controller\"},\"vpcId\":\"vpc-00b5670738a73ee00\"}",
                "version": "1.4.8"
              }
            ],
            "name": "aws-load-balancer-controller",
            "namespace": "kube-system",
            "pass_credentials": false,
            "postrender": [],
            "recreate_pods": false,
            "render_subchart_notes": true,
            "replace": false,
            "repository": "https://aws.github.io/eks-charts",
            "repository_ca_file": null,
            "repository_cert_file": null,
            "repository_key_file": null,
            "repository_password": null,
            "repository_username": null,
            "reset_values": false,
            "reuse_values": false,
            "set": [
              {
                "name": "clusterName",
                "type": "",
                "value": "infra-cluster"
              },
              {
                "name": "region",
                "type": "",
                "value": "eu-west-1"
              },
              {
                "name": "serviceAccount.create",
                "type": "",
                "value": "false"
              },
              {
                "name": "serviceAccount.name",
                "type": "",
                "value": "aws-load-balancer-controller"
              },
              {
                "name": "vpcId",
                "type": "",
                "value": "vpc-00b5670738a73ee00"
              }
            ],
            "set_list": [],
            "set_sensitive": [],
            "skip_crds": false,
            "status": "deployed",
            "timeout": 300,
            "upgrade_install": null,
            "values": null,
            "verify": false,
            "version": "1.4.8",
            "wait": true,
            "wait_for_jobs": false
          },
          "sensitive_attributes": [
            [
              {
                "type": "get_attr",
                "value": "repository_password"
              }
            ]
          ],
          "private": "eyJzY2hlbWFfdmVyc2lvbiI6IjEifQ==",
          "dependencies": [
            "module.eks_cluster.aws_eks_cluster.infra-cluster",
            "module.eks_cluster.aws_eks_node_group.private-nodes",
            "module.eks_cluster.aws_iam_openid_connect_provider.eks_oidc",
            "module.eks_cluster.aws_iam_policy.node_kms_policy",
            "module.eks_cluster.aws_iam_role.aws_lb_controller_role",
            "module.eks_cluster.aws_iam_role.infra-cluster",
            "module.eks_cluster.aws_iam_role.nodes",
            "module.eks_cluster.aws_iam_role_policy_attachment.infra-cluster-AmazonEKSClusterPolicy",
            "module.eks_cluster.aws_iam_role_policy_attachment.nodes-AmazonEC2ContainerRegistryReadOnly",
            "module.eks_cluster.aws_iam_role_policy_attachment.nodes-AmazonEKSWorkerNodePolicy",
            "module.eks_cluster.aws_iam_role_policy_attachment.nodes-AmazonEKS_CNI_Policy",
            "module.eks_cluster.aws_iam_role_policy_attachment.nodes-kms-policy",
            "module.eks_cluster.aws_kms_key.eks_key",
            "module.eks_cluster.aws_launch_template.eks_with_kms",
            "module.eks_cluster.aws_subnet.private",
            "module.eks_cluster.aws_subnet.public",
            "module.eks_cluster.aws_vpc.main",
            "module.eks_cluster.data.aws_caller_identity.this",
            "module.eks_cluster.data.aws_eks_cluster.infra-cluster",
            "module.eks_cluster.kubernetes_service_account.aws_lb_controller"
          ]
        }
      ]
    },
    {
      "module": "module.eks_cluster",
      "mode": "managed",
      "type": "kubernetes_service_account",
      "name": "aws_lb_controller",
      "provider": "module.eks_cluster.provider[\"registry.terraform.io/hashicorp/kubernetes\"]",
      "instances": [
        {
          "schema_version": 0,
          "attributes": {
            "automount_service_account_token": true,
            "default_secret_name": "",
            "id": "kube-system/aws-load-balancer-controller",
            "image_pull_secret": [],
            "metadata": [
              {
                "annotations": {
                  "eks.amazonaws.com/role-arn": "arn:aws:iam::395364994606:role/AWSLoadBalancerControllerRole"
                },
                "generate_name": "",
                "generation": 0,
                "labels": null,
                "name": "aws-load-balancer-controller",
                "namespace": "kube-system",
                "resource_version": "1314",
                "uid": "3d153ad3-b46a-4f6a-99e5-fbbea7ce2a07"
              }
            ],
            "secret": [],
            "timeouts": null
          },
          "sensitive_attributes": [],
          "private": "eyJlMmJmYjczMC1lY2FhLTExZTYtOGY4OC0zNDM2M2JjN2M0YzAiOnsiY3JlYXRlIjozMDAwMDAwMDAwMH19",
          "dependencies": [
            "module.eks_cluster.aws_eks_cluster.infra-cluster",
            "module.eks_cluster.aws_eks_node_group.private-nodes",
            "module.eks_cluster.aws_iam_openid_connect_provider.eks_oidc",
            "module.eks_cluster.aws_iam_policy.node_kms_policy",
            "module.eks_cluster.aws_iam_role.aws_lb_controller_role",
            "module.eks_cluster.aws_iam_role.infra-cluster",
            "module.eks_cluster.aws_iam_role.nodes",
            "module.eks_cluster.aws_iam_role_policy_attachment.infra-cluster-AmazonEKSClusterPolicy",
            "module.eks_cluster.aws_iam_role_policy_attachment.nodes-AmazonEC2ContainerRegistryReadOnly",
            "module.eks_cluster.aws_iam_role_policy_attachment.nodes-AmazonEKSWorkerNodePolicy",
            "module.eks_cluster.aws_iam_role_policy_attachment.nodes-AmazonEKS_CNI_Policy",
            "module.eks_cluster.aws_iam_role_policy_attachment.nodes-kms-policy",
            "module.eks_cluster.aws_kms_key.eks_key",
            "module.eks_cluster.aws_launch_template.eks_with_kms",
            "module.eks_cluster.aws_subnet.private",
            "module.eks_cluster.aws_subnet.public",
            "module.eks_cluster.aws_vpc.main",
            "module.eks_cluster.data.aws_caller_identity.this",
            "module.eks_cluster.data.aws_eks_cluster.infra-cluster"
          ]
        }
      ]
    }
  ],
  "check_results": null
}
